
Microsoft Visual Studio Solution File, Format Version 12.00
# Visual Studio 15
VisualStudioVersion = 15.0.26124.0
MinimumVisualStudioVersion = 15.0.26124.0
Project("{FAE04EC0-301F-11D3-BF4B-00C04F79EFBC}") = "linked-list-test", "test\linked-list-test.csproj", "{62C88AC2-DC7C-4E99-AB6E-604CAD4DD2D0}"
EndProject
Project("{2150E333-8FDC-42A3-9474-1A3956D46DE8}") = "src", "src", "{1D4FEECC-5B2A-4554-87A4-081CF8947F48}"
EndProject
Project("{FAE04EC0-301F-11D3-BF4B-00C04F79EFBC}") = "LinkedList", "src\library\LinkedList.csproj", "{A40BBAB8-D973-477F-AE09-98471D6C1E88}"
EndProject
Global
	GlobalSection(SolutionConfigurationPlatforms) = preSolution
		Debug|Any CPU = Debug|Any CPU
		Debug|x64 = Debug|x64
		Debug|x86 = Debug|x86
		Release|Any CPU = Release|Any CPU
		Release|x64 = Release|x64
		Release|x86 = Release|x86
	EndGlobalSection
	GlobalSection(SolutionProperties) = preSolution
		HideSolutionNode = FALSE
	EndGlobalSection
	GlobalSection(ProjectConfigurationPlatforms) = postSolution
		{62C88AC2-DC7C-4E99-AB6E-604CAD4DD2D0}.Debug|Any CPU.ActiveCfg = Debug|Any CPU
		{62C88AC2-DC7C-4E99-AB6E-604CAD4DD2D0}.Debug|Any CPU.Build.0 = Debug|Any CPU
		{62C88AC2-DC7C-4E99-AB6E-604CAD4DD2D0}.Debug|x64.ActiveCfg = Debug|Any CPU
		{62C88AC2-DC7C-4E99-AB6E-604CAD4DD2D0}.Debug|x64.Build.0 = Debug|Any CPU
		{62C88AC2-DC7C-4E99-AB6E-604CAD4DD2D0}.Debug|x86.ActiveCfg = Debug|Any CPU
		{62C88AC2-DC7C-4E99-AB6E-604CAD4DD2D0}.Debug|x86.Build.0 = Debug|Any CPU
		{62C88AC2-DC7C-4E99-AB6E-604CAD4DD2D0}.Release|Any CPU.ActiveCfg = Release|Any CPU
		{62C88AC2-DC7C-4E99-AB6E-604CAD4DD2D0}.Release|Any CPU.Build.0 = Release|Any CPU
		{62C88AC2-DC7C-4E99-AB6E-604CAD4DD2D0}.Release|x64.ActiveCfg = Release|Any CPU
		{62C88AC2-DC7C-4E99-AB6E-604CAD4DD2D0}.Release|x64.Build.0 = Release|Any CPU
		{62C88AC2-DC7C-4E99-AB6E-604CAD4DD2D0}.Release|x86.ActiveCfg = Release|Any CPU
		{62C88AC2-DC7C-4E99-AB6E-604CAD4DD2D0}.Release|x86.Build.0 = Release|Any CPU
		{A40BBAB8-D973-477F-AE09-98471D6C1E88}.Debug|Any CPU.ActiveCfg = Debug|Any CPU
		{A40BBAB8-D973-477F-AE09-98471D6C1E88}.Debug|Any CPU.Build.0 = Debug|Any CPU
		{A40BBAB8-D973-477F-AE09-98471D6C1E88}.Debug|x64.ActiveCfg = Debug|Any CPU
		{A40BBAB8-D973-477F-AE09-98471D6C1E88}.Debug|x64.Build.0 = Debug|Any CPU
		{A40BBAB8-D973-477F-AE09-98471D6C1E88}.Debug|x86.ActiveCfg = Debug|Any CPU
		{A40BBAB8-D973-477F-AE09-98471D6C1E88}.Debug|x86.Build.0 = Debug|Any CPU
		{A40BBAB8-D973-477F-AE09-98471D6C1E88}.Release|Any CPU.ActiveCfg = Release|Any CPU
		{A40BBAB8-D973-477F-AE09-98471D6C1E88}.Release|Any CPU.Build.0 = Release|Any CPU
		{A40BBAB8-D973-477F-AE09-98471D6C1E88}.Release|x64.ActiveCfg = Release|Any CPU
		{A40BBAB8-D973-477F-AE09-98471D6C1E88}.Release|x64.Build.0 = Release|Any CPU
		{A40BBAB8-D973-477F-AE09-98471D6C1E88}.Release|x86.ActiveCfg = Release|Any CPU
		{A40BBAB8-D973-477F-AE09-98471D6C1E88}.Release|x86.Build.0 = Release|Any CPU
	EndGlobalSection
	GlobalSection(NestedProjects) = preSolution
		{A40BBAB8-D973-477F-AE09-98471D6C1E88} = {1D4FEECC-5B2A-4554-87A4-081CF8947F48}
	EndGlobalSection
EndGlobal
