
Microsoft Visual Studio Solution File, Format Version 12.00
# Visual Studio 15
VisualStudioVersion = 15.0.26124.0
MinimumVisualStudioVersion = 15.0.26124.0
Project("{2150E333-8FDC-42A3-9474-1A3956D46DE8}") = "src", "src", "{6483EDF3-5242-497C-B1EC-33D64A1FB084}"
EndProject
Project("{FAE04EC0-301F-11D3-BF4B-00C04F79EFBC}") = "double-linked-list", "src\library\double-linked-list.csproj", "{B2402C92-96E6-4918-BD65-1ED761E38778}"
EndProject
Project("{FAE04EC0-301F-11D3-BF4B-00C04F79EFBC}") = "double-linked-list_test", "test\double-linked-list_test.csproj", "{43DA2F4D-9ED2-46E6-803E-EFB9796D8595}"
EndProject
Global
	GlobalSection(SolutionConfigurationPlatforms) = preSolution
		Debug|Any CPU = Debug|Any CPU
		Debug|x64 = Debug|x64
		Debug|x86 = Debug|x86
		Release|Any CPU = Release|Any CPU
		Release|x64 = Release|x64
		Release|x86 = Release|x86
	EndGlobalSection
	GlobalSection(SolutionProperties) = preSolution
		HideSolutionNode = FALSE
	EndGlobalSection
	GlobalSection(ProjectConfigurationPlatforms) = postSolution
		{B2402C92-96E6-4918-BD65-1ED761E38778}.Debug|Any CPU.ActiveCfg = Debug|Any CPU
		{B2402C92-96E6-4918-BD65-1ED761E38778}.Debug|Any CPU.Build.0 = Debug|Any CPU
		{B2402C92-96E6-4918-BD65-1ED761E38778}.Debug|x64.ActiveCfg = Debug|Any CPU
		{B2402C92-96E6-4918-BD65-1ED761E38778}.Debug|x64.Build.0 = Debug|Any CPU
		{B2402C92-96E6-4918-BD65-1ED761E38778}.Debug|x86.ActiveCfg = Debug|Any CPU
		{B2402C92-96E6-4918-BD65-1ED761E38778}.Debug|x86.Build.0 = Debug|Any CPU
		{B2402C92-96E6-4918-BD65-1ED761E38778}.Release|Any CPU.ActiveCfg = Release|Any CPU
		{B2402C92-96E6-4918-BD65-1ED761E38778}.Release|Any CPU.Build.0 = Release|Any CPU
		{B2402C92-96E6-4918-BD65-1ED761E38778}.Release|x64.ActiveCfg = Release|Any CPU
		{B2402C92-96E6-4918-BD65-1ED761E38778}.Release|x64.Build.0 = Release|Any CPU
		{B2402C92-96E6-4918-BD65-1ED761E38778}.Release|x86.ActiveCfg = Release|Any CPU
		{B2402C92-96E6-4918-BD65-1ED761E38778}.Release|x86.Build.0 = Release|Any CPU
		{43DA2F4D-9ED2-46E6-803E-EFB9796D8595}.Debug|Any CPU.ActiveCfg = Debug|Any CPU
		{43DA2F4D-9ED2-46E6-803E-EFB9796D8595}.Debug|Any CPU.Build.0 = Debug|Any CPU
		{43DA2F4D-9ED2-46E6-803E-EFB9796D8595}.Debug|x64.ActiveCfg = Debug|Any CPU
		{43DA2F4D-9ED2-46E6-803E-EFB9796D8595}.Debug|x64.Build.0 = Debug|Any CPU
		{43DA2F4D-9ED2-46E6-803E-EFB9796D8595}.Debug|x86.ActiveCfg = Debug|Any CPU
		{43DA2F4D-9ED2-46E6-803E-EFB9796D8595}.Debug|x86.Build.0 = Debug|Any CPU
		{43DA2F4D-9ED2-46E6-803E-EFB9796D8595}.Release|Any CPU.ActiveCfg = Release|Any CPU
		{43DA2F4D-9ED2-46E6-803E-EFB9796D8595}.Release|Any CPU.Build.0 = Release|Any CPU
		{43DA2F4D-9ED2-46E6-803E-EFB9796D8595}.Release|x64.ActiveCfg = Release|Any CPU
		{43DA2F4D-9ED2-46E6-803E-EFB9796D8595}.Release|x64.Build.0 = Release|Any CPU
		{43DA2F4D-9ED2-46E6-803E-EFB9796D8595}.Release|x86.ActiveCfg = Release|Any CPU
		{43DA2F4D-9ED2-46E6-803E-EFB9796D8595}.Release|x86.Build.0 = Release|Any CPU
	EndGlobalSection
	GlobalSection(NestedProjects) = preSolution
		{B2402C92-96E6-4918-BD65-1ED761E38778} = {6483EDF3-5242-497C-B1EC-33D64A1FB084}
	EndGlobalSection
EndGlobal
